
Microsoft Visual Studio Solution File, Format Version 12.00
Project("{FAE04EC0-301F-11D3-BF4B-00C04F79EFBC}") = "API", "API\API.csproj", "{6F737241-974E-4783-B816-4B1F7C5AB39C}"
EndProject
Project("{FAE04EC0-301F-11D3-BF4B-00C04F79EFBC}") = "Infrastructure", "Infrastructure\Infrastructure.csproj", "{4B0A9DA3-9BA9-4625-B451-D949B8F36002}"
EndProject
Project("{FAE04EC0-301F-11D3-BF4B-00C04F79EFBC}") = "Domain", "Domain\Domain.csproj", "{3DBF1A52-A0A4-4FC2-BBA8-9DB370551FE3}"
EndProject
Project("{FAE04EC0-301F-11D3-BF4B-00C04F79EFBC}") = "Application", "Application\Application.csproj", "{7AE02D56-D287-4FCB-9A0E-2B34702983E7}"
EndProject
Global
	GlobalSection(SolutionConfigurationPlatforms) = preSolution
		Debug|Any CPU = Debug|Any CPU
		Release|Any CPU = Release|Any CPU
	EndGlobalSection
	GlobalSection(ProjectConfigurationPlatforms) = postSolution
		{6F737241-974E-4783-B816-4B1F7C5AB39C}.Debug|Any CPU.ActiveCfg = Debug|Any CPU
		{6F737241-974E-4783-B816-4B1F7C5AB39C}.Debug|Any CPU.Build.0 = Debug|Any CPU
		{6F737241-974E-4783-B816-4B1F7C5AB39C}.Release|Any CPU.ActiveCfg = Release|Any CPU
		{6F737241-974E-4783-B816-4B1F7C5AB39C}.Release|Any CPU.Build.0 = Release|Any CPU
		{4B0A9DA3-9BA9-4625-B451-D949B8F36002}.Debug|Any CPU.ActiveCfg = Debug|Any CPU
		{4B0A9DA3-9BA9-4625-B451-D949B8F36002}.Debug|Any CPU.Build.0 = Debug|Any CPU
		{4B0A9DA3-9BA9-4625-B451-D949B8F36002}.Release|Any CPU.ActiveCfg = Release|Any CPU
		{4B0A9DA3-9BA9-4625-B451-D949B8F36002}.Release|Any CPU.Build.0 = Release|Any CPU
		{3DBF1A52-A0A4-4FC2-BBA8-9DB370551FE3}.Debug|Any CPU.ActiveCfg = Debug|Any CPU
		{3DBF1A52-A0A4-4FC2-BBA8-9DB370551FE3}.Debug|Any CPU.Build.0 = Debug|Any CPU
		{3DBF1A52-A0A4-4FC2-BBA8-9DB370551FE3}.Release|Any CPU.ActiveCfg = Release|Any CPU
		{3DBF1A52-A0A4-4FC2-BBA8-9DB370551FE3}.Release|Any CPU.Build.0 = Release|Any CPU
		{7AE02D56-D287-4FCB-9A0E-2B34702983E7}.Debug|Any CPU.ActiveCfg = Debug|Any CPU
		{7AE02D56-D287-4FCB-9A0E-2B34702983E7}.Debug|Any CPU.Build.0 = Debug|Any CPU
		{7AE02D56-D287-4FCB-9A0E-2B34702983E7}.Release|Any CPU.ActiveCfg = Release|Any CPU
		{7AE02D56-D287-4FCB-9A0E-2B34702983E7}.Release|Any CPU.Build.0 = Release|Any CPU
	EndGlobalSection
EndGlobal
